version = 2

[dependencies.anthropic-skills]
url = "github.com/anthropics/skills"
commit = "f458cee31a7577a47ba0c9a101976fa599385174"

[dependencies.creative-writing-skills]
url = "github.com/haowjy/creative-writing-skills"
version = "v0.2.1"
commit = "a555c4586a7e7f020f0c78dacd92a6062065c99f"

[dependencies.meridian-base]
url = "github.com/meridian-flow/meridian-base"
version = "v0.4.0"
commit = "3de0bfb16c53883b883cc799d7c30237e9f0d9db"

[dependencies.meridian-dev-workflow]
url = "github.com/haowjy/meridian-dev-workflow"
version = "v0.7.0"
commit = "e775a1f39f64af2bd0a4d01034d9aacf19e82fb7"

[dependencies.playwright-cli]
url = "github.com/microsoft/playwright-cli"
commit = "3a1bafc8b4e973c72d0364eb5b427d1ce0aa8317"

[items."agent/alignment-reviewer"]
source = "meridian-dev-workflow"
kind = "agent"
version = "v0.7.0"
source_checksum = "sha256:1f50de81c4c201b2f929bda479f0299115d4a69daf6e97d9c53d400109e4590c"

[[items."agent/alignment-reviewer".outputs]]
target_root = ".mars"
dest_path = "agents/alignment-reviewer.md"
installed_checksum = "sha256:1f50de81c4c201b2f929bda479f0299115d4a69daf6e97d9c53d400109e4590c"

[items."agent/architect"]
source = "meridian-dev-workflow"
kind = "agent"
version = "v0.7.0"
source_checksum = "sha256:fc91a2f68df84fb5a0b7524a45be3fca939fa1b6a95322a1fc3ae49116e1d646"

[[items."agent/architect".outputs]]
target_root = ".mars"
dest_path = "agents/architect.md"
installed_checksum = "sha256:fc91a2f68df84fb5a0b7524a45be3fca939fa1b6a95322a1fc3ae49116e1d646"

[items."agent/bard"]
source = "creative-writing-skills"
kind = "agent"
version = "v0.2.1"
source_checksum = "sha256:5d3fadddaef45122326479def2148cdecf696b69f7d7dd31d238b7260b5a21d5"

[[items."agent/bard".outputs]]
target_root = ".mars"
dest_path = "agents/bard.md"
installed_checksum = "sha256:5d3fadddaef45122326479def2148cdecf696b69f7d7dd31d238b7260b5a21d5"

[items."agent/brainstormer"]
source = "creative-writing-skills"
kind = "agent"
version = "v0.2.1"
source_checksum = "sha256:6e54365f7f2fcd4c5440e82d81617c294e3e45ac331fff0f47ebe25edb698cdf"

[[items."agent/brainstormer".outputs]]
target_root = ".mars"
dest_path = "agents/brainstormer.md"
installed_checksum = "sha256:6e54365f7f2fcd4c5440e82d81617c294e3e45ac331fff0f47ebe25edb698cdf"

[items."agent/bridge-writer"]
source = "creative-writing-skills"
kind = "agent"
version = "v0.2.1"
source_checksum = "sha256:5ac26b966c1b955b606b944edabe8d60c5d97f85ac06a691d2b5a0716e5938a6"

[[items."agent/bridge-writer".outputs]]
target_root = ".mars"
dest_path = "agents/bridge-writer.md"
installed_checksum = "sha256:5ac26b966c1b955b606b944edabe8d60c5d97f85ac06a691d2b5a0716e5938a6"

[items."agent/browser"]
source = "meridian-dev-workflow"
kind = "agent"
version = "v0.7.0"
source_checksum = "sha256:9373d4e7fc46568ab5f8e301ba01fb241a9309ee8e0c5e0d51425842c19f3a25"

[[items."agent/browser".outputs]]
target_root = ".mars"
dest_path = "agents/browser.md"
installed_checksum = "sha256:9373d4e7fc46568ab5f8e301ba01fb241a9309ee8e0c5e0d51425842c19f3a25"

[items."agent/browser-tester"]
source = "meridian-dev-workflow"
kind = "agent"
version = "v0.7.0"
source_checksum = "sha256:4bbc2922134c84e3fb2f994537a6d067071bb7f55ff54c0d17f27ed5147af7be"

[[items."agent/browser-tester".outputs]]
target_root = ".mars"
dest_path = "agents/browser-tester.md"
installed_checksum = "sha256:4bbc2922134c84e3fb2f994537a6d067071bb7f55ff54c0d17f27ed5147af7be"

[items."agent/character-sim"]
source = "creative-writing-skills"
kind = "agent"
version = "v0.2.1"
source_checksum = "sha256:009a1ee5b2ffcfd1a2b64803ca7da28ef7e1165196cefdbd3c01059314fae6d7"

[[items."agent/character-sim".outputs]]
target_root = ".mars"
dest_path = "agents/character-sim.md"
installed_checksum = "sha256:009a1ee5b2ffcfd1a2b64803ca7da28ef7e1165196cefdbd3c01059314fae6d7"

[items."agent/chronicler"]
source = "creative-writing-skills"
kind = "agent"
version = "v0.2.1"
source_checksum = "sha256:e7e6552e758a425c1bd97bc737f94b196ae2ad76ce97e2265d5128720d51671a"

[[items."agent/chronicler".outputs]]
target_root = ".mars"
dest_path = "agents/chronicler.md"
installed_checksum = "sha256:e7e6552e758a425c1bd97bc737f94b196ae2ad76ce97e2265d5128720d51671a"

[items."agent/code-mirror"]
source = "meridian-dev-workflow"
kind = "agent"
version = "v0.7.0"
source_checksum = "sha256:5b9d47f8deb557708ff9960d0e67560f915609d9fee9178016f8d1417da6426e"

[[items."agent/code-mirror".outputs]]
target_root = ".mars"
dest_path = "agents/code-mirror.md"
installed_checksum = "sha256:5b9d47f8deb557708ff9960d0e67560f915609d9fee9178016f8d1417da6426e"

[items."agent/coder"]
source = "meridian-dev-workflow"
kind = "agent"
version = "v0.7.0"
source_checksum = "sha256:18e5e3e236b63c7849f2e20c96b7a319097f24591f89e62397337f8694e39fa8"

[[items."agent/coder".outputs]]
target_root = ".mars"
dest_path = "agents/coder.md"
installed_checksum = "sha256:18e5e3e236b63c7849f2e20c96b7a319097f24591f89e62397337f8694e39fa8"

[items."agent/continuity-checker"]
source = "creative-writing-skills"
kind = "agent"
version = "v0.2.1"
source_checksum = "sha256:1b4b0d9f2ae1a5b6fb43ab5ce8f25492f4885b6408a4148e23e0fb26a8d0e20d"

[[items."agent/continuity-checker".outputs]]
target_root = ".mars"
dest_path = "agents/continuity-checker.md"
installed_checksum = "sha256:1b4b0d9f2ae1a5b6fb43ab5ce8f25492f4885b6408a4148e23e0fb26a8d0e20d"

[items."agent/critic"]
source = "creative-writing-skills"
kind = "agent"
version = "v0.2.1"
source_checksum = "sha256:5aef0c2b5f27b12ef23a7ff078ac2f70403a9d9f49392a36f2785aa94c327f40"

[[items."agent/critic".outputs]]
target_root = ".mars"
dest_path = "agents/critic.md"
installed_checksum = "sha256:5aef0c2b5f27b12ef23a7ff078ac2f70403a9d9f49392a36f2785aa94c327f40"

[items."agent/design-lead"]
source = "meridian-dev-workflow"
kind = "agent"
version = "v0.7.0"
source_checksum = "sha256:2c92541c4b8446aa3c3195ad001073d11719d613bc24d13858affa45254e1dd8"

[[items."agent/design-lead".outputs]]
target_root = ".mars"
dest_path = "agents/design-lead.md"
installed_checksum = "sha256:2c92541c4b8446aa3c3195ad001073d11719d613bc24d13858affa45254e1dd8"

[items."agent/design-writer"]
source = "meridian-dev-workflow"
kind = "agent"
version = "v0.7.0"
source_checksum = "sha256:ce237b27ccd924f2bb70a1a6c9834cd9f3ed1610f1fdca1bcda77b70314c1a58"

[[items."agent/design-writer".outputs]]
target_root = ".mars"
dest_path = "agents/design-writer.md"
installed_checksum = "sha256:ce237b27ccd924f2bb70a1a6c9834cd9f3ed1610f1fdca1bcda77b70314c1a58"

[items."agent/explorer"]
source = "meridian-base"
kind = "agent"
version = "v0.4.0"
source_checksum = "sha256:e0030c04736457f3d71069452e12ca78bd2c951958f82b4fdf5e1d7fc6320607"

[[items."agent/explorer".outputs]]
target_root = ".mars"
dest_path = "agents/explorer.md"
installed_checksum = "sha256:e0030c04736457f3d71069452e12ca78bd2c951958f82b4fdf5e1d7fc6320607"

[items."agent/frontend-coder"]
source = "meridian-dev-workflow"
kind = "agent"
version = "v0.7.0"
source_checksum = "sha256:e5c29529dd90f5a0bae1dc13d32cddb01895e1494aaa28a4849c66b06030e2a1"

[[items."agent/frontend-coder".outputs]]
target_root = ".mars"
dest_path = "agents/frontend-coder.md"
installed_checksum = "sha256:e5c29529dd90f5a0bae1dc13d32cddb01895e1494aaa28a4849c66b06030e2a1"

[items."agent/frontend-designer"]
source = "meridian-dev-workflow"
kind = "agent"
version = "v0.7.0"
source_checksum = "sha256:6dfd2c7dd0a5fc12ff75c5bc80abfc943e7c5caec24c391c17820b2bddbde5b1"

[[items."agent/frontend-designer".outputs]]
target_root = ".mars"
dest_path = "agents/frontend-designer.md"
installed_checksum = "sha256:6dfd2c7dd0a5fc12ff75c5bc80abfc943e7c5caec24c391c17820b2bddbde5b1"

[items."agent/imagegen"]
source = "meridian-dev-workflow"
kind = "agent"
version = "v0.7.0"
source_checksum = "sha256:b6bfa87d5f775004f24f73f800b595a9a844edcb9859a5ad957d06532ec505d9"

[[items."agent/imagegen".outputs]]
target_root = ".mars"
dest_path = "agents/imagegen.md"
installed_checksum = "sha256:b6bfa87d5f775004f24f73f800b595a9a844edcb9859a5ad957d06532ec505d9"

[items."agent/integration-tester"]
source = "meridian-dev-workflow"
kind = "agent"
version = "v0.7.0"
source_checksum = "sha256:3055b4d1f0482ae71ebe7a5dfe4439da0196f85f3e73ed59d1dac528815a0770"

[[items."agent/integration-tester".outputs]]
target_root = ".mars"
dest_path = "agents/integration-tester.md"
installed_checksum = "sha256:3055b4d1f0482ae71ebe7a5dfe4439da0196f85f3e73ed59d1dac528815a0770"

[items."agent/investigator"]
source = "meridian-dev-workflow"
kind = "agent"
version = "v0.7.0"
source_checksum = "sha256:bbde976e20d92812073c92ffa3ae92cbf2b0f27322b681d533abdfd9819446a1"

[[items."agent/investigator".outputs]]
target_root = ".mars"
dest_path = "agents/investigator.md"
installed_checksum = "sha256:bbde976e20d92812073c92ffa3ae92cbf2b0f27322b681d533abdfd9819446a1"

[items."agent/kb-lead"]
source = "meridian-dev-workflow"
kind = "agent"
version = "v0.7.0"
source_checksum = "sha256:344081f314d828bf40f95a995c6458b5860880dd8f02d8ec3330e020d2e271dc"

[[items."agent/kb-lead".outputs]]
target_root = ".mars"
dest_path = "agents/kb-lead.md"
installed_checksum = "sha256:344081f314d828bf40f95a995c6458b5860880dd8f02d8ec3330e020d2e271dc"

[items."agent/kb-maintainer"]
source = "meridian-base"
kind = "agent"
version = "v0.4.0"
source_checksum = "sha256:cfaa1aa01244d87b50d370f89c6753e8a37b2005d129b5f886e885afb65b61a1"

[[items."agent/kb-maintainer".outputs]]
target_root = ".mars"
dest_path = "agents/kb-maintainer.md"
installed_checksum = "sha256:cfaa1aa01244d87b50d370f89c6753e8a37b2005d129b5f886e885afb65b61a1"

[items."agent/kb-writer"]
source = "meridian-base"
kind = "agent"
version = "v0.4.0"
source_checksum = "sha256:faee76f73c4df2489e888a5d672626d97dbdf8ae0da0ae4a95432449e044d6cc"

[[items."agent/kb-writer".outputs]]
target_root = ".mars"
dest_path = "agents/kb-writer.md"
installed_checksum = "sha256:faee76f73c4df2489e888a5d672626d97dbdf8ae0da0ae4a95432449e044d6cc"

[items."agent/lore-keeper"]
source = "creative-writing-skills"
kind = "agent"
version = "v0.2.1"
source_checksum = "sha256:fe3a5c5b7f6eac6cc00ff049d8319b875cb486518129a0535f8ecf0cf06a4602"

[[items."agent/lore-keeper".outputs]]
target_root = ".mars"
dest_path = "agents/lore-keeper.md"
installed_checksum = "sha256:fe3a5c5b7f6eac6cc00ff049d8319b875cb486518129a0535f8ecf0cf06a4602"

[items."agent/meridian-default-orchestrator"]
source = "meridian-base"
kind = "agent"
version = "v0.4.0"
source_checksum = "sha256:defad1880f935b66ba90818c735ff7610024ea86f6dd0eddf842017e63d2adac"

[[items."agent/meridian-default-orchestrator".outputs]]
target_root = ".mars"
dest_path = "agents/meridian-default-orchestrator.md"
installed_checksum = "sha256:defad1880f935b66ba90818c735ff7610024ea86f6dd0eddf842017e63d2adac"

[items."agent/meridian-subagent"]
source = "meridian-base"
kind = "agent"
version = "v0.4.0"
source_checksum = "sha256:9aff23fa784393acaf1570b32415045de4ef952ab6378f967b69ba87c22f86b2"

[[items."agent/meridian-subagent".outputs]]
target_root = ".mars"
dest_path = "agents/meridian-subagent.md"
installed_checksum = "sha256:9aff23fa784393acaf1570b32415045de4ef952ab6378f967b69ba87c22f86b2"

[items."agent/mockup-gen"]
source = "meridian-dev-workflow"
kind = "agent"
version = "v0.7.0"
source_checksum = "sha256:248449a8dd194823384561a54ee47b918d106dba4b914ffa5553b6a1d5654b4c"

[[items."agent/mockup-gen".outputs]]
target_root = ".mars"
dest_path = "agents/mockup-gen.md"
installed_checksum = "sha256:248449a8dd194823384561a54ee47b918d106dba4b914ffa5553b6a1d5654b4c"

[items."agent/muse"]
source = "creative-writing-skills"
kind = "agent"
version = "v0.2.1"
source_checksum = "sha256:69d171007ebab32562fcc186e06e12548c47a2c804a64d7c033bc164c682726d"

[[items."agent/muse".outputs]]
target_root = ".mars"
dest_path = "agents/muse.md"
installed_checksum = "sha256:69d171007ebab32562fcc186e06e12548c47a2c804a64d7c033bc164c682726d"

[items."agent/outliner"]
source = "creative-writing-skills"
kind = "agent"
version = "v0.2.1"
source_checksum = "sha256:25a3cf3144ff50beb8d8240c7cd7a7703603c39507d649d1eaeb5707952b2a18"

[[items."agent/outliner".outputs]]
target_root = ".mars"
dest_path = "agents/outliner.md"
installed_checksum = "sha256:25a3cf3144ff50beb8d8240c7cd7a7703603c39507d649d1eaeb5707952b2a18"

[items."agent/planner"]
source = "meridian-dev-workflow"
kind = "agent"
version = "v0.7.0"
source_checksum = "sha256:326e3d12f84254552a92acc133e3cacf005977740032a808ac6659f6b44aea13"

[[items."agent/planner".outputs]]
target_root = ".mars"
dest_path = "agents/planner.md"
installed_checksum = "sha256:326e3d12f84254552a92acc133e3cacf005977740032a808ac6659f6b44aea13"

[items."agent/product-lead"]
source = "meridian-dev-workflow"
kind = "agent"
version = "v0.7.0"
source_checksum = "sha256:f5265ebb24cbe7ffb963c6c53b77e444ef0038f592af1e9feb8eede3d8b58e7f"

[[items."agent/product-lead".outputs]]
target_root = ".mars"
dest_path = "agents/product-lead.md"
installed_checksum = "sha256:f5265ebb24cbe7ffb963c6c53b77e444ef0038f592af1e9feb8eede3d8b58e7f"

[items."agent/qa-design-lead"]
source = "meridian-dev-workflow"
kind = "agent"
version = "v0.7.0"
source_checksum = "sha256:db78c37b83f730618a69678a2f635712b7219ba32f447428dc794297f25fd190"

[[items."agent/qa-design-lead".outputs]]
target_root = ".mars"
dest_path = "agents/qa-design-lead.md"
installed_checksum = "sha256:db78c37b83f730618a69678a2f635712b7219ba32f447428dc794297f25fd190"

[items."agent/qa-lead"]
source = "meridian-dev-workflow"
kind = "agent"
version = "v0.7.0"
source_checksum = "sha256:1161ec6080f57b9274d666efaec938babb55e6d8ad7bbfc9bcac5b1df6a32e18"

[[items."agent/qa-lead".outputs]]
target_root = ".mars"
dest_path = "agents/qa-lead.md"
installed_checksum = "sha256:1161ec6080f57b9274d666efaec938babb55e6d8ad7bbfc9bcac5b1df6a32e18"

[items."agent/reader-sim"]
source = "creative-writing-skills"
kind = "agent"
version = "v0.2.1"
source_checksum = "sha256:0034e3facadadc5ebab5aed7572cccb01171e544a3183eafdff9d06b338b9ae9"

[[items."agent/reader-sim".outputs]]
target_root = ".mars"
dest_path = "agents/reader-sim.md"
installed_checksum = "sha256:0034e3facadadc5ebab5aed7572cccb01171e544a3183eafdff9d06b338b9ae9"

[items."agent/reviewer"]
source = "meridian-dev-workflow"
kind = "agent"
version = "v0.7.0"
source_checksum = "sha256:94dfd7fd5a9114b367e14217bdc689e90df6385a74172e3f125017bf8a38a14f"

[[items."agent/reviewer".outputs]]
target_root = ".mars"
dest_path = "agents/reviewer.md"
installed_checksum = "sha256:94dfd7fd5a9114b367e14217bdc689e90df6385a74172e3f125017bf8a38a14f"

[items."agent/revision-writer"]
source = "creative-writing-skills"
kind = "agent"
version = "v0.2.1"
source_checksum = "sha256:df32a486f6c806702d4f48f237168774f16f9e663084c0a713b6327c59b738b6"

[[items."agent/revision-writer".outputs]]
target_root = ".mars"
dest_path = "agents/revision-writer.md"
installed_checksum = "sha256:df32a486f6c806702d4f48f237168774f16f9e663084c0a713b6327c59b738b6"

[items."agent/session-explorer"]
source = "meridian-base"
kind = "agent"
version = "v0.4.0"
source_checksum = "sha256:02e114bdd270825474574c9873d37f86aea0a163abebdbf3ba14d2b2503ec6ff"

[[items."agent/session-explorer".outputs]]
target_root = ".mars"
dest_path = "agents/session-explorer.md"
installed_checksum = "sha256:02e114bdd270825474574c9873d37f86aea0a163abebdbf3ba14d2b2503ec6ff"

[items."agent/smoke-tester"]
source = "meridian-dev-workflow"
kind = "agent"
version = "v0.7.0"
source_checksum = "sha256:3a195d3e40c7752a11a591a189a08f96e9c098e36d6ebd99cebc12b45bebc156"

[[items."agent/smoke-tester".outputs]]
target_root = ".mars"
dest_path = "agents/smoke-tester.md"
installed_checksum = "sha256:3a195d3e40c7752a11a591a189a08f96e9c098e36d6ebd99cebc12b45bebc156"

[items."agent/style-creator"]
source = "creative-writing-skills"
kind = "agent"
version = "v0.2.1"
source_checksum = "sha256:d4977045cf8c1d4e9f5bc6454c212328a1fa0998217259345badb15770a0a842"

[[items."agent/style-creator".outputs]]
target_root = ".mars"
dest_path = "agents/style-creator.md"
installed_checksum = "sha256:d4977045cf8c1d4e9f5bc6454c212328a1fa0998217259345badb15770a0a842"

[items."agent/tech-lead"]
source = "meridian-dev-workflow"
kind = "agent"
version = "v0.7.0"
source_checksum = "sha256:7cf17a5073d46e5619141e7901da1552149509ce9c65e08f845c338ac7cc29c0"

[[items."agent/tech-lead".outputs]]
target_root = ".mars"
dest_path = "agents/tech-lead.md"
installed_checksum = "sha256:7cf17a5073d46e5619141e7901da1552149509ce9c65e08f845c338ac7cc29c0"

[items."agent/tech-writer"]
source = "meridian-dev-workflow"
kind = "agent"
version = "v0.7.0"
source_checksum = "sha256:08d0f9c899b78505e5e8291d204d3bd9b17db4ec4d61cb13b1ef864904dee065"

[[items."agent/tech-writer".outputs]]
target_root = ".mars"
dest_path = "agents/tech-writer.md"
installed_checksum = "sha256:08d0f9c899b78505e5e8291d204d3bd9b17db4ec4d61cb13b1ef864904dee065"

[items."agent/unit-tester"]
source = "meridian-dev-workflow"
kind = "agent"
version = "v0.7.0"
source_checksum = "sha256:7881bbfa8d547b4437bd153cfbe8639815f33fd8db419c651d35f9a214edab98"

[[items."agent/unit-tester".outputs]]
target_root = ".mars"
dest_path = "agents/unit-tester.md"
installed_checksum = "sha256:7881bbfa8d547b4437bd153cfbe8639815f33fd8db419c651d35f9a214edab98"

[items."agent/ux-lead"]
source = "meridian-dev-workflow"
kind = "agent"
version = "v0.7.0"
source_checksum = "sha256:dc5706e21e3a88f289fad85c17d5b47962ffec549d3b6f11dc3013113c4ce9da"

[[items."agent/ux-lead".outputs]]
target_root = ".mars"
dest_path = "agents/ux-lead.md"
installed_checksum = "sha256:dc5706e21e3a88f289fad85c17d5b47962ffec549d3b6f11dc3013113c4ce9da"

[items."agent/web-researcher"]
source = "meridian-dev-workflow"
kind = "agent"
version = "v0.7.0"
source_checksum = "sha256:bfe583e634aad8a6a7952de087b22fdd34bd5827ac76363d438b22e6656a17f6"

[[items."agent/web-researcher".outputs]]
target_root = ".mars"
dest_path = "agents/web-researcher.md"
installed_checksum = "sha256:bfe583e634aad8a6a7952de087b22fdd34bd5827ac76363d438b22e6656a17f6"

[items."agent/writer"]
source = "creative-writing-skills"
kind = "agent"
version = "v0.2.1"
source_checksum = "sha256:f6f984dc2c44cd18da779ae763750575adfa55c49b8e34221252fe3c28bea64d"

[[items."agent/writer".outputs]]
target_root = ".mars"
dest_path = "agents/writer.md"
installed_checksum = "sha256:f6f984dc2c44cd18da779ae763750575adfa55c49b8e34221252fe3c28bea64d"

[items."bootstrap-doc/feature-worktree"]
source = "meridian-dev-workflow"
kind = "bootstrapdoc"
version = "v0.5.11"
source_checksum = "sha256:3e83d26621b9a092a80d31fa5347be6f26663da34a760fed4d0c0810f2874894"

[[items."bootstrap-doc/feature-worktree".outputs]]
target_root = ".mars"
dest_path = "bootstrap/feature-worktree/BOOTSTRAP.md"
installed_checksum = "sha256:3e83d26621b9a092a80d31fa5347be6f26663da34a760fed4d0c0810f2874894"

[items."bootstrap-doc/imagegen-setup"]
source = "meridian-dev-workflow"
kind = "bootstrapdoc"
version = "v0.5.11"
source_checksum = "sha256:3801c47a177623599a794a0bb64e61237072de596af6262a7c5d86bafffc3348"

[[items."bootstrap-doc/imagegen-setup".outputs]]
target_root = ".mars"
dest_path = "bootstrap/imagegen-setup/BOOTSTRAP.md"
installed_checksum = "sha256:3801c47a177623599a794a0bb64e61237072de596af6262a7c5d86bafffc3348"

[items."bootstrap-doc/project-setup"]
source = "creative-writing-skills"
kind = "bootstrapdoc"
version = "v0.1.5"
source_checksum = "sha256:ab2d0df057ecbe73f47a307a24f83ad6ecde281fdb3ca54ed502be1a2f5f85ac"

[[items."bootstrap-doc/project-setup".outputs]]
target_root = ".mars"
dest_path = "bootstrap/project-setup/BOOTSTRAP.md"
installed_checksum = "sha256:ab2d0df057ecbe73f47a307a24f83ad6ecde281fdb3ca54ed502be1a2f5f85ac"

[items."skill/agent-management"]
source = "meridian-base"
kind = "skill"
version = "v0.3.12"
source_checksum = "sha256:dbe2bd94c03e7f6e6cf95868828ff669a147f8ed5a1b8821eabb6bfe89f65175"

[[items."skill/agent-management".outputs]]
target_root = ".mars"
dest_path = "skills/agent-management"
installed_checksum = "sha256:dbe2bd94c03e7f6e6cf95868828ff669a147f8ed5a1b8821eabb6bfe89f65175"

[items."skill/agent-staffing"]
source = "meridian-dev-workflow"
kind = "skill"
version = "v0.7.0"
source_checksum = "sha256:1d22b835c5332ce5c4b872f44dee3b2e6c5e1a16d2ea91101bca46dc01375d6f"

[[items."skill/agent-staffing".outputs]]
target_root = ".mars"
dest_path = "skills/agent-staffing"
installed_checksum = "sha256:1d22b835c5332ce5c4b872f44dee3b2e6c5e1a16d2ea91101bca46dc01375d6f"

[items."skill/architecture"]
source = "meridian-dev-workflow"
kind = "skill"
version = "v0.5.11"
source_checksum = "sha256:83ada02531216041f51c8acc5ab5a400bef65ac36fe08a3aff18e4634780e589"

[[items."skill/architecture".outputs]]
target_root = ".mars"
dest_path = "skills/architecture"
installed_checksum = "sha256:83ada02531216041f51c8acc5ab5a400bef65ac36fe08a3aff18e4634780e589"

[items."skill/brainstorming"]
source = "creative-writing-skills"
kind = "skill"
version = "v0.1.5"
source_checksum = "sha256:61ceb0a3d3f7916968d2af62b1321da4eae079d1f79cd460e83ba1ceb58488c8"

[[items."skill/brainstorming".outputs]]
target_root = ".mars"
dest_path = "skills/brainstorming"
installed_checksum = "sha256:61ceb0a3d3f7916968d2af62b1321da4eae079d1f79cd460e83ba1ceb58488c8"

[items."skill/browser-test"]
source = "meridian-dev-workflow"
kind = "skill"
version = "v0.5.11"
source_checksum = "sha256:103c55d69ae841fc7d729ee839514a8508b9287cf7bcc32dbb39bb435bad6628"

[[items."skill/browser-test".outputs]]
target_root = ".mars"
dest_path = "skills/browser-test"
installed_checksum = "sha256:103c55d69ae841fc7d729ee839514a8508b9287cf7bcc32dbb39bb435bad6628"

[items."skill/decision-log"]
source = "meridian-base"
kind = "skill"
version = "v0.3.12"
source_checksum = "sha256:82f321dd44e62dc10092e32865cd3d4bc2597af80a1594fc8711735f30a8aa00"

[[items."skill/decision-log".outputs]]
target_root = ".mars"
dest_path = "skills/decision-log"
installed_checksum = "sha256:82f321dd44e62dc10092e32865cd3d4bc2597af80a1594fc8711735f30a8aa00"

[items."skill/dev-artifacts"]
source = "meridian-dev-workflow"
kind = "skill"
version = "v0.7.0"
source_checksum = "sha256:e422dfaba47365becee33cf601a6e3d101002f2c3ea330f2d6d7a09b09630a89"

[[items."skill/dev-artifacts".outputs]]
target_root = ".mars"
dest_path = "skills/dev-artifacts"
installed_checksum = "sha256:e422dfaba47365becee33cf601a6e3d101002f2c3ea330f2d6d7a09b09630a89"

[items."skill/dev-principles"]
source = "meridian-dev-workflow"
kind = "skill"
version = "v0.7.0"
source_checksum = "sha256:79227f7a9cde54dc24261c230702cb9af73e76da49326a0e57f7d6143d970769"

[[items."skill/dev-principles".outputs]]
target_root = ".mars"
dest_path = "skills/dev-principles"
installed_checksum = "sha256:79227f7a9cde54dc24261c230702cb9af73e76da49326a0e57f7d6143d970769"

[items."skill/ears-parsing"]
source = "meridian-dev-workflow"
kind = "skill"
version = "v0.5.11"
source_checksum = "sha256:1db85ac3f7a0344ce88510ebdf36480de600c6798617d64f988564ed113bd89b"

[[items."skill/ears-parsing".outputs]]
target_root = ".mars"
dest_path = "skills/ears-parsing"
installed_checksum = "sha256:1db85ac3f7a0344ce88510ebdf36480de600c6798617d64f988564ed113bd89b"

[items."skill/frontend-design"]
source = "anthropic-skills"
kind = "skill"
source_checksum = "sha256:3dc9d9c837c7f390c1bf8b13e4667cf167340067bfbaf6d734d644eb08c640a1"

[[items."skill/frontend-design".outputs]]
target_root = ".mars"
dest_path = "skills/frontend-design"
installed_checksum = "sha256:3dc9d9c837c7f390c1bf8b13e4667cf167340067bfbaf6d734d644eb08c640a1"

[items."skill/integration-test"]
source = "meridian-dev-workflow"
kind = "skill"
version = "v0.5.11"
source_checksum = "sha256:c39117e86b7779b7fbb787022d72a373ecd9aa10f522dd84413ffbcc65d9be1c"

[[items."skill/integration-test".outputs]]
target_root = ".mars"
dest_path = "skills/integration-test"
installed_checksum = "sha256:c39117e86b7779b7fbb787022d72a373ecd9aa10f522dd84413ffbcc65d9be1c"

[items."skill/intent-modeling"]
source = "meridian-base"
kind = "skill"
version = "v0.3.12"
source_checksum = "sha256:a44583d5d6d6796053e3f5ca9ea7c2ffe3fac2d77c9347d5a774dc527a2dcc44"

[[items."skill/intent-modeling".outputs]]
target_root = ".mars"
dest_path = "skills/intent-modeling"
installed_checksum = "sha256:a44583d5d6d6796053e3f5ca9ea7c2ffe3fac2d77c9347d5a774dc527a2dcc44"

[items."skill/issues"]
source = "meridian-dev-workflow"
kind = "skill"
version = "v0.5.11"
source_checksum = "sha256:95445491ec949d37f5a07badb478c958c183ac1283d17444347b62c0004b9bc4"

[[items."skill/issues".outputs]]
target_root = ".mars"
dest_path = "skills/issues"
installed_checksum = "sha256:95445491ec949d37f5a07badb478c958c183ac1283d17444347b62c0004b9bc4"

[items."skill/kb-conventions"]
source = "meridian-base"
kind = "skill"
version = "v0.3.12"
source_checksum = "sha256:22baa6941487c7cf8533e839824e43e005e38567d0c729a8977a8bcec3f8af3e"

[[items."skill/kb-conventions".outputs]]
target_root = ".mars"
dest_path = "skills/kb-conventions"
installed_checksum = "sha256:22baa6941487c7cf8533e839824e43e005e38567d0c729a8977a8bcec3f8af3e"

[items."skill/llm-writing"]
source = "meridian-base"
kind = "skill"
version = "v0.3.12"
source_checksum = "sha256:d6a812731854182724dc6cedf69f413bf2a3e2fb7c89c0c9c56432539ccfff79"

[[items."skill/llm-writing".outputs]]
target_root = ".mars"
dest_path = "skills/llm-writing"
installed_checksum = "sha256:d6a812731854182724dc6cedf69f413bf2a3e2fb7c89c0c9c56432539ccfff79"

[items."skill/md-validation"]
source = "meridian-base"
kind = "skill"
version = "v0.3.12"
source_checksum = "sha256:4d684233ffa7a792e07799c3e583c507597dc2cb069a9ddc3b75e74981c8ddc7"

[[items."skill/md-validation".outputs]]
target_root = ".mars"
dest_path = "skills/md-validation"
installed_checksum = "sha256:4d684233ffa7a792e07799c3e583c507597dc2cb069a9ddc3b75e74981c8ddc7"

[items."skill/meridian-privilege-escalation"]
source = "meridian-base"
kind = "skill"
version = "v0.3.12"
source_checksum = "sha256:2baabb91a1d2351018089ac76c5ea308c729f77068419193c20e1c5b2eee6c9f"

[[items."skill/meridian-privilege-escalation".outputs]]
target_root = ".mars"
dest_path = "skills/meridian-privilege-escalation"
installed_checksum = "sha256:2baabb91a1d2351018089ac76c5ea308c729f77068419193c20e1c5b2eee6c9f"

[items."skill/meridian-spawn"]
source = "meridian-base"
kind = "skill"
version = "v0.3.12"
source_checksum = "sha256:b0739114f43a68b920a5984866d3f223cfe83d8241940b2971e10852768af060"

[[items."skill/meridian-spawn".outputs]]
target_root = ".mars"
dest_path = "skills/meridian-spawn"
installed_checksum = "sha256:b0739114f43a68b920a5984866d3f223cfe83d8241940b2971e10852768af060"

[items."skill/meridian-work-coordination"]
source = "meridian-base"
kind = "skill"
version = "v0.3.12"
source_checksum = "sha256:755eff6060c2a4d54fb8f68100389cde51c9111a7f2d6e6d05031a98075bc8d5"

[[items."skill/meridian-work-coordination".outputs]]
target_root = ".mars"
dest_path = "skills/meridian-work-coordination"
installed_checksum = "sha256:755eff6060c2a4d54fb8f68100389cde51c9111a7f2d6e6d05031a98075bc8d5"

[items."skill/planning"]
source = "meridian-dev-workflow"
kind = "skill"
version = "v0.7.0"
source_checksum = "sha256:e35499cd008a7f16fe24c55728b0dee7c6174606e59cf0b22272ce0730cc9e74"

[[items."skill/planning".outputs]]
target_root = ".mars"
dest_path = "skills/planning"
installed_checksum = "sha256:e35499cd008a7f16fe24c55728b0dee7c6174606e59cf0b22272ce0730cc9e74"

[items."skill/playwright-cli"]
source = "playwright-cli"
kind = "skill"
source_checksum = "sha256:108643971d8746de2557285863d6f28ad40bcd6fbf406a5ca1d8797b34357f1e"

[[items."skill/playwright-cli".outputs]]
target_root = ".mars"
dest_path = "skills/playwright-cli"
installed_checksum = "sha256:108643971d8746de2557285863d6f28ad40bcd6fbf406a5ca1d8797b34357f1e"

[items."skill/prose-critique"]
source = "creative-writing-skills"
kind = "skill"
version = "v0.1.5"
source_checksum = "sha256:b60cbc1fc570b1147b326342144673990d9521fdb0e2193e1df7fa4dfe1ebeca"

[[items."skill/prose-critique".outputs]]
target_root = ".mars"
dest_path = "skills/prose-critique"
installed_checksum = "sha256:b60cbc1fc570b1147b326342144673990d9521fdb0e2193e1df7fa4dfe1ebeca"

[items."skill/prose-writing"]
source = "creative-writing-skills"
kind = "skill"
version = "v0.1.5"
source_checksum = "sha256:2085d75de8611cac009a5ed8ee4174e89542825c588ec40048ad0ee3e490aef5"

[[items."skill/prose-writing".outputs]]
target_root = ".mars"
dest_path = "skills/prose-writing"
installed_checksum = "sha256:2085d75de8611cac009a5ed8ee4174e89542825c588ec40048ad0ee3e490aef5"

[items."skill/qi-layer"]
source = "meridian-base"
kind = "skill"
version = "v0.3.12"
source_checksum = "sha256:ed2a365c6ad695f41dfac15fb7742b035ff2a85f05362a90a3a37c197331b38f"

[[items."skill/qi-layer".outputs]]
target_root = ".mars"
dest_path = "skills/qi-layer"
installed_checksum = "sha256:ed2a365c6ad695f41dfac15fb7742b035ff2a85f05362a90a3a37c197331b38f"

[items."skill/reflection"]
source = "meridian-base"
kind = "skill"
version = "v0.3.12"
source_checksum = "sha256:d8826968a29dfc3b3607320e1c56b0722c1aaf54bbc9ca022011b5437c5004b3"

[[items."skill/reflection".outputs]]
target_root = ".mars"
dest_path = "skills/reflection"
installed_checksum = "sha256:d8826968a29dfc3b3607320e1c56b0722c1aaf54bbc9ca022011b5437c5004b3"

[items."skill/review"]
source = "meridian-dev-workflow"
kind = "skill"
version = "v0.7.0"
source_checksum = "sha256:d43dc1edbd72b2a99a2f660d8f14c8abfa094c4d75ae9a7904d641b229119cb8"

[[items."skill/review".outputs]]
target_root = ".mars"
dest_path = "skills/review"
installed_checksum = "sha256:d43dc1edbd72b2a99a2f660d8f14c8abfa094c4d75ae9a7904d641b229119cb8"

[items."skill/scene-construction"]
source = "creative-writing-skills"
kind = "skill"
version = "v0.1.5"
source_checksum = "sha256:9533edaa1f4e74a769314395ecd6fc69891a42bcd91bb8d630554b56ac45921a"

[[items."skill/scene-construction".outputs]]
target_root = ".mars"
dest_path = "skills/scene-construction"
installed_checksum = "sha256:9533edaa1f4e74a769314395ecd6fc69891a42bcd91bb8d630554b56ac45921a"

[items."skill/session-mining"]
source = "meridian-base"
kind = "skill"
version = "v0.3.12"
source_checksum = "sha256:ffaa9227f9724d4a1c4beb2d44d639ea08d2aa52126af51e7205fa033168f52b"

[[items."skill/session-mining".outputs]]
target_root = ".mars"
dest_path = "skills/session-mining"
installed_checksum = "sha256:ffaa9227f9724d4a1c4beb2d44d639ea08d2aa52126af51e7205fa033168f52b"

[items."skill/shared-workspace"]
source = "meridian-base"
kind = "skill"
version = "v0.3.12"
source_checksum = "sha256:b3627550043ce5454a212be1d9df5b07a7c486369a3d168f8b3f21b67099dc1a"

[[items."skill/shared-workspace".outputs]]
target_root = ".mars"
dest_path = "skills/shared-workspace"
installed_checksum = "sha256:b3627550043ce5454a212be1d9df5b07a7c486369a3d168f8b3f21b67099dc1a"

[items."skill/smoke-test"]
source = "meridian-dev-workflow"
kind = "skill"
version = "v0.5.11"
source_checksum = "sha256:f01b9dda8e86e4502fe8a687f1034f8e34a7c5ce0dc0b9f80a36fdafb2928546"

[[items."skill/smoke-test".outputs]]
target_root = ".mars"
dest_path = "skills/smoke-test"
installed_checksum = "sha256:f01b9dda8e86e4502fe8a687f1034f8e34a7c5ce0dc0b9f80a36fdafb2928546"

[items."skill/story-architecture"]
source = "creative-writing-skills"
kind = "skill"
version = "v0.1.5"
source_checksum = "sha256:0e8fc0e92cd34cd8f18268c06f879113b03791c924887b82bbcf6124e3994e83"

[[items."skill/story-architecture".outputs]]
target_root = ".mars"
dest_path = "skills/story-architecture"
installed_checksum = "sha256:0e8fc0e92cd34cd8f18268c06f879113b03791c924887b82bbcf6124e3994e83"

[items."skill/story-context"]
source = "creative-writing-skills"
kind = "skill"
version = "v0.1.5"
source_checksum = "sha256:bf63b7aff84640d2727685e0983c96f2c68be841c059d0d52177371c2ae3c471"

[[items."skill/story-context".outputs]]
target_root = ".mars"
dest_path = "skills/story-context"
installed_checksum = "sha256:bf63b7aff84640d2727685e0983c96f2c68be841c059d0d52177371c2ae3c471"

[items."skill/style-analysis"]
source = "creative-writing-skills"
kind = "skill"
version = "v0.1.5"
source_checksum = "sha256:f01a819a87b6c566282d6c38779cd12e19d680ba96d67e4277b91960d9b25058"

[[items."skill/style-analysis".outputs]]
target_root = ".mars"
dest_path = "skills/style-analysis"
installed_checksum = "sha256:f01a819a87b6c566282d6c38779cd12e19d680ba96d67e4277b91960d9b25058"

[items."skill/tech-docs"]
source = "meridian-dev-workflow"
kind = "skill"
version = "v0.5.11"
source_checksum = "sha256:fda08cb816343ae01ebd7b97886902c4d9c2f160338b608f9475289bc30897cf"

[[items."skill/tech-docs".outputs]]
target_root = ".mars"
dest_path = "skills/tech-docs"
installed_checksum = "sha256:fda08cb816343ae01ebd7b97886902c4d9c2f160338b608f9475289bc30897cf"

[items."skill/testing-principles"]
source = "meridian-dev-workflow"
kind = "skill"
version = "v0.7.0"
source_checksum = "sha256:649223ef2503d3f1080071b78f99baa85a3d950f7669faabffbad2d5a24699c1"

[[items."skill/testing-principles".outputs]]
target_root = ".mars"
dest_path = "skills/testing-principles"
installed_checksum = "sha256:649223ef2503d3f1080071b78f99baa85a3d950f7669faabffbad2d5a24699c1"

[items."skill/unit-test"]
source = "meridian-dev-workflow"
kind = "skill"
version = "v0.5.11"
source_checksum = "sha256:7beeb1698f3ddb89fa659daecf09c38d44f040d285c113b45b6b49606d27f364"

[[items."skill/unit-test".outputs]]
target_root = ".mars"
dest_path = "skills/unit-test"
installed_checksum = "sha256:7beeb1698f3ddb89fa659daecf09c38d44f040d285c113b45b6b49606d27f364"

[items."skill/writing-artifacts"]
source = "creative-writing-skills"
kind = "skill"
version = "v0.1.5"
source_checksum = "sha256:aabeb5cfd4b97acdb2a947875c1164db51592de69a22ccf726ea44ebcc52f3ae"

[[items."skill/writing-artifacts".outputs]]
target_root = ".mars"
dest_path = "skills/writing-artifacts"
installed_checksum = "sha256:aabeb5cfd4b97acdb2a947875c1164db51592de69a22ccf726ea44ebcc52f3ae"

[items."skill/writing-issues"]
source = "creative-writing-skills"
kind = "skill"
version = "v0.1.5"
source_checksum = "sha256:e9b4107fda4f97dc82604179dee053f60ce8a1013900d81d46b11754d41f55ac"

[[items."skill/writing-issues".outputs]]
target_root = ".mars"
dest_path = "skills/writing-issues"
installed_checksum = "sha256:e9b4107fda4f97dc82604179dee053f60ce8a1013900d81d46b11754d41f55ac"

[items."skill/writing-principles"]
source = "creative-writing-skills"
kind = "skill"
version = "v0.1.5"
source_checksum = "sha256:bd2d9e030a959f22904c2c83fe7aed6dddb254884ad92ca87ab749961b199faa"

[[items."skill/writing-principles".outputs]]
target_root = ".mars"
dest_path = "skills/writing-principles"
installed_checksum = "sha256:bd2d9e030a959f22904c2c83fe7aed6dddb254884ad92ca87ab749961b199faa"

[items."skill/writing-staffing"]
source = "creative-writing-skills"
kind = "skill"
version = "v0.1.5"
source_checksum = "sha256:7e41d3b613860e1682546f1c3855f4aa4ec85dd0d1dd14b26edef29994286c9f"

[[items."skill/writing-staffing".outputs]]
target_root = ".mars"
dest_path = "skills/writing-staffing"
installed_checksum = "sha256:7e41d3b613860e1682546f1c3855f4aa4ec85dd0d1dd14b26edef29994286c9f"
